{
  "name": "playground",
  "version": "1.0.0",
  "lockfileVersion": 2,
  "requires": true,
  "packages": {
    "": {
      "name": "playground",
      "version": "1.0.0",
      "license": "ISC",
      "dependencies": {
        "lodash-es": "^4.17.21",
        "three": "^0.139.2"
      },
      "devDependencies": {
        "jest-bundler": "file:.."
      }
    },
    "..": {
      "version": "1.0.0",
      "dev": true,
      "license": "MIT",
      "dependencies": {
        "@babel/core": "^7.17.9",
        "@babel/plugin-transform-modules-commonjs": "^7.17.9",
        "chalk": "^4.1.2",
        "html-minifier-terser": "^7.0.0-alpha.2",
        "jest-haste-map": "^26.6.2",
        "jest-resolve": "^27.5.1",
        "jest-resolve-dependencies": "^27.5.1",
        "jest-worker": "^27.5.1",
        "terser": "^5.12.1",
        "yargs": "^17.4.1"
      },
      "bin": {
        "jest-bundle": "dist/index.js"
      },
      "devDependencies": {
        "@types/chalk": "^2.2.0",
        "@types/jest": "^27.4.1",
        "@types/node": "^17.0.27",
        "lodash-es": "^4.17.21",
        "three": "^0.139.2",
        "typescript": "^4.6.3",
        "vite-node": "^0.10.0",
        "vitest": "^0.9.4"
      }
    },
    "node_modules/jest-bundler": {
      "resolved": "..",
      "link": true
    },
    "node_modules/lodash-es": {
      "version": "4.17.21",
      "resolved": "https://registry.npmjs.org/lodash-es/-/lodash-es-4.17.21.tgz",
      "integrity": "sha512-mKnC+QJ9pWVzv+C4/U3rRsHapFfHvQFoFB92e52xeyGMcX6/OlIl78je1u8vePzYZSkkogMPJ2yjxxsb89cxyw=="
    },
    "node_modules/three": {
      "version": "0.139.2",
      "resolved": "https://registry.npmjs.org/three/-/three-0.139.2.tgz",
      "integrity": "sha512-gV7q7QY8rogu7HLFZR9cWnOQAUedUhu2WXAnpr2kdXZP9YDKsG/0ychwQvWkZN5PlNw9mv5MoCTin6zNTXoONg=="
    }
  },
  "dependencies": {
    "jest-bundler": {
      "version": "file:..",
      "requires": {
        "@babel/core": "^7.17.9",
        "@babel/plugin-transform-modules-commonjs": "^7.17.9",
        "@types/chalk": "^2.2.0",
        "@types/jest": "^27.4.1",
        "@types/node": "^17.0.27",
        "chalk": "^4.1.2",
        "html-minifier-terser": "^7.0.0-alpha.2",
        "jest-haste-map": "^26.6.2",
        "jest-resolve": "^27.5.1",
        "jest-resolve-dependencies": "^27.5.1",
        "jest-worker": "^27.5.1",
        "lodash-es": "^4.17.21",
        "terser": "^5.12.1",
        "three": "^0.139.2",
        "typescript": "^4.6.3",
        "vite-node": "^0.10.0",
        "vitest": "^0.9.4",
        "yargs": "^17.4.1"
      }
    },
    "lodash-es": {
      "version": "4.17.21",
      "resolved": "https://registry.npmjs.org/lodash-es/-/lodash-es-4.17.21.tgz",
      "integrity": "sha512-mKnC+QJ9pWVzv+C4/U3rRsHapFfHvQFoFB92e52xeyGMcX6/OlIl78je1u8vePzYZSkkogMPJ2yjxxsb89cxyw=="
    },
    "three": {
      "version": "0.139.2",
      "resolved": "https://registry.npmjs.org/three/-/three-0.139.2.tgz",
      "integrity": "sha512-gV7q7QY8rogu7HLFZR9cWnOQAUedUhu2WXAnpr2kdXZP9YDKsG/0ychwQvWkZN5PlNw9mv5MoCTin6zNTXoONg=="
    }
  }
}
